
Microsoft Visual Studio Solution File, Format Version 12.00
# Visual Studio Version 17
VisualStudioVersion = 17.3.32922.545
MinimumVisualStudioVersion = 10.0.40219.1
Project("{FAE04EC0-301F-11D3-BF4B-00C04F79EFBC}") = "2033210506-HaDucChung-Bai7", "2033210506-HaDucChung-Bai7\2033210506-HaDucChung-Bai7.csproj", "{03736AC9-84E6-42C7-BC52-B8CE19D13957}"
EndProject
Global
	GlobalSection(SolutionConfigurationPlatforms) = preSolution
		Debug|Any CPU = Debug|Any CPU
		Release|Any CPU = Release|Any CPU
	EndGlobalSection
	GlobalSection(ProjectConfigurationPlatforms) = postSolution
		{03736AC9-84E6-42C7-BC52-B8CE19D13957}.Debug|Any CPU.ActiveCfg = Debug|Any CPU
		{03736AC9-84E6-42C7-BC52-B8CE19D13957}.Debug|Any CPU.Build.0 = Debug|Any CPU
		{03736AC9-84E6-42C7-BC52-B8CE19D13957}.Release|Any CPU.ActiveCfg = Release|Any CPU
		{03736AC9-84E6-42C7-BC52-B8CE19D13957}.Release|Any CPU.Build.0 = Release|Any CPU
	EndGlobalSection
	GlobalSection(SolutionProperties) = preSolution
		HideSolutionNode = FALSE
	EndGlobalSection
	GlobalSection(ExtensibilityGlobals) = postSolution
		SolutionGuid = {518BBB4F-8146-4757-AE9A-90641C99880F}
	EndGlobalSection
EndGlobal
